
Microsoft Visual Studio Solution File, Format Version 12.00
# Visual Studio Version 17
VisualStudioVersion = 17.0.32126.317
MinimumVisualStudioVersion = 15.0.26124.0
Project("{9A19103F-16F7-4668-BE54-9A1E7A4F7556}") = "Regulus.Samples.Chat1.Common", "Chat1\Regulus.Samples.Chat1.Common\Regulus.Samples.Chat1.Common.csproj", "{D9702160-747B-40A1-856C-8F70602E27A2}"
EndProject
Project("{2150E333-8FDC-42A3-9474-1A3956D46DE8}") = "Chat1", "Chat1", "{F9C2FC4D-277B-4A86-AECC-4930057A1278}"
	ProjectSection(SolutionItems) = preProject
		Chat1\readme.md = Chat1\readme.md
		Chat1\run-server-tcp.cmd = Chat1\run-server-tcp.cmd
		Chat1\run-server-websocket.cmd = Chat1\run-server-websocket.cmd
		Chat1\run-server.cmd = Chat1\run-server.cmd
	EndProjectSection
EndProject
Project("{9A19103F-16F7-4668-BE54-9A1E7A4F7556}") = "Regulus.Samples.Chat1.Test", "Chat1\Regulus.Samples.Chat1.Test\Regulus.Samples.Chat1.Test.csproj", "{AF8ACC50-2EF8-446A-89EE-CA970AD7B8E5}"
EndProject
Project("{2150E333-8FDC-42A3-9474-1A3956D46DE8}") = "Solution Items", "Solution Items", "{07033894-21D8-43F5-A66B-D7819237EB83}"
	ProjectSection(SolutionItems) = preProject
		.github\workflows\docker.yml = .github\workflows\docker.yml
		README.md = README.md
	EndProjectSection
EndProject
Project("{2150E333-8FDC-42A3-9474-1A3956D46DE8}") = "Helloworld", "Helloworld", "{5EC46D8B-0278-4F91-9E0B-F26D71D5EB15}"
	ProjectSection(SolutionItems) = preProject
		Helloworld\readme.md = Helloworld\readme.md
		Helloworld\run-client.cmd = Helloworld\run-client.cmd
		Helloworld\run-server.cmd = Helloworld\run-server.cmd
	EndProjectSection
EndProject
Project("{9A19103F-16F7-4668-BE54-9A1E7A4F7556}") = "Regulus.Samples.Helloworld.Server", "Helloworld\Regulus.Samples.Helloworld.Server\Regulus.Samples.Helloworld.Server.csproj", "{73C33220-AC69-47E9-853A-FA3DE43CE12E}"
EndProject
Project("{9A19103F-16F7-4668-BE54-9A1E7A4F7556}") = "Regulus.Samples.Helloworld.Common", "Helloworld\Regulus.Samples.Helloworld.Common\Regulus.Samples.Helloworld.Common.csproj", "{75C0135E-0E07-4222-962C-BEB3B4D32006}"
EndProject
Project("{9A19103F-16F7-4668-BE54-9A1E7A4F7556}") = "Regulus.Samples.Helloworld.Client", "Helloworld\Regulus.Samples.Helloworld.Client\Regulus.Samples.Helloworld.Client.csproj", "{465DA1E0-A628-4A3D-B3DE-FE026622B6ED}"
EndProject
Project("{9A19103F-16F7-4668-BE54-9A1E7A4F7556}") = "Regulus.Samples.Chat1.Server", "Chat1\Regulus.Samples.Chat1.Server\Regulus.Samples.Chat1.Server.csproj", "{ED3D60B7-D17B-4385-AD3F-09CE547AF5E2}"
EndProject
Project("{9A19103F-16F7-4668-BE54-9A1E7A4F7556}") = "Regulus.Samples.Chat1.Client", "Chat1\Regulus.Samples.Chat1.Client\Regulus.Samples.Chat1.Client.csproj", "{6D2F86F0-F369-4356-AB9F-A6358641821D}"
EndProject
Project("{9A19103F-16F7-4668-BE54-9A1E7A4F7556}") = "Regulus.Samples.Chat1", "Chat1\Regulus.Samples.Chat1\Regulus.Samples.Chat1.csproj", "{D2C8DFA6-5355-4AE4-9814-E113050143C9}"
EndProject
Project("{9A19103F-16F7-4668-BE54-9A1E7A4F7556}") = "Regulus.Samples.Chat1.Bot", "Chat1\Regulus.Samples.Chat1.Bot\Regulus.Samples.Chat1.Bot.csproj", "{C11C8824-F83E-4706-87F1-011FB2DD0A00}"
EndProject
Global
	GlobalSection(SolutionConfigurationPlatforms) = preSolution
		Debug|Any CPU = Debug|Any CPU
		Debug|x64 = Debug|x64
		Debug|x86 = Debug|x86
		Release|Any CPU = Release|Any CPU
		Release|x64 = Release|x64
		Release|x86 = Release|x86
	EndGlobalSection
	GlobalSection(ProjectConfigurationPlatforms) = postSolution
		{D9702160-747B-40A1-856C-8F70602E27A2}.Debug|Any CPU.ActiveCfg = Debug|Any CPU
		{D9702160-747B-40A1-856C-8F70602E27A2}.Debug|Any CPU.Build.0 = Debug|Any CPU
		{D9702160-747B-40A1-856C-8F70602E27A2}.Debug|x64.ActiveCfg = Debug|Any CPU
		{D9702160-747B-40A1-856C-8F70602E27A2}.Debug|x64.Build.0 = Debug|Any CPU
		{D9702160-747B-40A1-856C-8F70602E27A2}.Debug|x86.ActiveCfg = Debug|Any CPU
		{D9702160-747B-40A1-856C-8F70602E27A2}.Debug|x86.Build.0 = Debug|Any CPU
		{D9702160-747B-40A1-856C-8F70602E27A2}.Release|Any CPU.ActiveCfg = Release|Any CPU
		{D9702160-747B-40A1-856C-8F70602E27A2}.Release|Any CPU.Build.0 = Release|Any CPU
		{D9702160-747B-40A1-856C-8F70602E27A2}.Release|x64.ActiveCfg = Release|Any CPU
		{D9702160-747B-40A1-856C-8F70602E27A2}.Release|x64.Build.0 = Release|Any CPU
		{D9702160-747B-40A1-856C-8F70602E27A2}.Release|x86.ActiveCfg = Release|Any CPU
		{D9702160-747B-40A1-856C-8F70602E27A2}.Release|x86.Build.0 = Release|Any CPU
		{AF8ACC50-2EF8-446A-89EE-CA970AD7B8E5}.Debug|Any CPU.ActiveCfg = Debug|Any CPU
		{AF8ACC50-2EF8-446A-89EE-CA970AD7B8E5}.Debug|Any CPU.Build.0 = Debug|Any CPU
		{AF8ACC50-2EF8-446A-89EE-CA970AD7B8E5}.Debug|x64.ActiveCfg = Debug|Any CPU
		{AF8ACC50-2EF8-446A-89EE-CA970AD7B8E5}.Debug|x64.Build.0 = Debug|Any CPU
		{AF8ACC50-2EF8-446A-89EE-CA970AD7B8E5}.Debug|x86.ActiveCfg = Debug|Any CPU
		{AF8ACC50-2EF8-446A-89EE-CA970AD7B8E5}.Debug|x86.Build.0 = Debug|Any CPU
		{AF8ACC50-2EF8-446A-89EE-CA970AD7B8E5}.Release|Any CPU.ActiveCfg = Release|Any CPU
		{AF8ACC50-2EF8-446A-89EE-CA970AD7B8E5}.Release|Any CPU.Build.0 = Release|Any CPU
		{AF8ACC50-2EF8-446A-89EE-CA970AD7B8E5}.Release|x64.ActiveCfg = Release|Any CPU
		{AF8ACC50-2EF8-446A-89EE-CA970AD7B8E5}.Release|x64.Build.0 = Release|Any CPU
		{AF8ACC50-2EF8-446A-89EE-CA970AD7B8E5}.Release|x86.ActiveCfg = Release|Any CPU
		{AF8ACC50-2EF8-446A-89EE-CA970AD7B8E5}.Release|x86.Build.0 = Release|Any CPU
		{73C33220-AC69-47E9-853A-FA3DE43CE12E}.Debug|Any CPU.ActiveCfg = Debug|Any CPU
		{73C33220-AC69-47E9-853A-FA3DE43CE12E}.Debug|Any CPU.Build.0 = Debug|Any CPU
		{73C33220-AC69-47E9-853A-FA3DE43CE12E}.Debug|x64.ActiveCfg = Debug|Any CPU
		{73C33220-AC69-47E9-853A-FA3DE43CE12E}.Debug|x64.Build.0 = Debug|Any CPU
		{73C33220-AC69-47E9-853A-FA3DE43CE12E}.Debug|x86.ActiveCfg = Debug|Any CPU
		{73C33220-AC69-47E9-853A-FA3DE43CE12E}.Debug|x86.Build.0 = Debug|Any CPU
		{73C33220-AC69-47E9-853A-FA3DE43CE12E}.Release|Any CPU.ActiveCfg = Release|Any CPU
		{73C33220-AC69-47E9-853A-FA3DE43CE12E}.Release|Any CPU.Build.0 = Release|Any CPU
		{73C33220-AC69-47E9-853A-FA3DE43CE12E}.Release|x64.ActiveCfg = Release|Any CPU
		{73C33220-AC69-47E9-853A-FA3DE43CE12E}.Release|x64.Build.0 = Release|Any CPU
		{73C33220-AC69-47E9-853A-FA3DE43CE12E}.Release|x86.ActiveCfg = Release|Any CPU
		{73C33220-AC69-47E9-853A-FA3DE43CE12E}.Release|x86.Build.0 = Release|Any CPU
		{75C0135E-0E07-4222-962C-BEB3B4D32006}.Debug|Any CPU.ActiveCfg = Debug|Any CPU
		{75C0135E-0E07-4222-962C-BEB3B4D32006}.Debug|Any CPU.Build.0 = Debug|Any CPU
		{75C0135E-0E07-4222-962C-BEB3B4D32006}.Debug|x64.ActiveCfg = Debug|Any CPU
		{75C0135E-0E07-4222-962C-BEB3B4D32006}.Debug|x64.Build.0 = Debug|Any CPU
		{75C0135E-0E07-4222-962C-BEB3B4D32006}.Debug|x86.ActiveCfg = Debug|Any CPU
		{75C0135E-0E07-4222-962C-BEB3B4D32006}.Debug|x86.Build.0 = Debug|Any CPU
		{75C0135E-0E07-4222-962C-BEB3B4D32006}.Release|Any CPU.ActiveCfg = Release|Any CPU
		{75C0135E-0E07-4222-962C-BEB3B4D32006}.Release|Any CPU.Build.0 = Release|Any CPU
		{75C0135E-0E07-4222-962C-BEB3B4D32006}.Release|x64.ActiveCfg = Release|Any CPU
		{75C0135E-0E07-4222-962C-BEB3B4D32006}.Release|x64.Build.0 = Release|Any CPU
		{75C0135E-0E07-4222-962C-BEB3B4D32006}.Release|x86.ActiveCfg = Release|Any CPU
		{75C0135E-0E07-4222-962C-BEB3B4D32006}.Release|x86.Build.0 = Release|Any CPU
		{465DA1E0-A628-4A3D-B3DE-FE026622B6ED}.Debug|Any CPU.ActiveCfg = Debug|Any CPU
		{465DA1E0-A628-4A3D-B3DE-FE026622B6ED}.Debug|Any CPU.Build.0 = Debug|Any CPU
		{465DA1E0-A628-4A3D-B3DE-FE026622B6ED}.Debug|x64.ActiveCfg = Debug|Any CPU
		{465DA1E0-A628-4A3D-B3DE-FE026622B6ED}.Debug|x64.Build.0 = Debug|Any CPU
		{465DA1E0-A628-4A3D-B3DE-FE026622B6ED}.Debug|x86.ActiveCfg = Debug|Any CPU
		{465DA1E0-A628-4A3D-B3DE-FE026622B6ED}.Debug|x86.Build.0 = Debug|Any CPU
		{465DA1E0-A628-4A3D-B3DE-FE026622B6ED}.Release|Any CPU.ActiveCfg = Release|Any CPU
		{465DA1E0-A628-4A3D-B3DE-FE026622B6ED}.Release|Any CPU.Build.0 = Release|Any CPU
		{465DA1E0-A628-4A3D-B3DE-FE026622B6ED}.Release|x64.ActiveCfg = Release|Any CPU
		{465DA1E0-A628-4A3D-B3DE-FE026622B6ED}.Release|x64.Build.0 = Release|Any CPU
		{465DA1E0-A628-4A3D-B3DE-FE026622B6ED}.Release|x86.ActiveCfg = Release|Any CPU
		{465DA1E0-A628-4A3D-B3DE-FE026622B6ED}.Release|x86.Build.0 = Release|Any CPU
		{ED3D60B7-D17B-4385-AD3F-09CE547AF5E2}.Debug|Any CPU.ActiveCfg = Debug|Any CPU
		{ED3D60B7-D17B-4385-AD3F-09CE547AF5E2}.Debug|Any CPU.Build.0 = Debug|Any CPU
		{ED3D60B7-D17B-4385-AD3F-09CE547AF5E2}.Debug|x64.ActiveCfg = Debug|Any CPU
		{ED3D60B7-D17B-4385-AD3F-09CE547AF5E2}.Debug|x64.Build.0 = Debug|Any CPU
		{ED3D60B7-D17B-4385-AD3F-09CE547AF5E2}.Debug|x86.ActiveCfg = Debug|Any CPU
		{ED3D60B7-D17B-4385-AD3F-09CE547AF5E2}.Debug|x86.Build.0 = Debug|Any CPU
		{ED3D60B7-D17B-4385-AD3F-09CE547AF5E2}.Release|Any CPU.ActiveCfg = Release|Any CPU
		{ED3D60B7-D17B-4385-AD3F-09CE547AF5E2}.Release|Any CPU.Build.0 = Release|Any CPU
		{ED3D60B7-D17B-4385-AD3F-09CE547AF5E2}.Release|x64.ActiveCfg = Release|Any CPU
		{ED3D60B7-D17B-4385-AD3F-09CE547AF5E2}.Release|x64.Build.0 = Release|Any CPU
		{ED3D60B7-D17B-4385-AD3F-09CE547AF5E2}.Release|x86.ActiveCfg = Release|Any CPU
		{ED3D60B7-D17B-4385-AD3F-09CE547AF5E2}.Release|x86.Build.0 = Release|Any CPU
		{6D2F86F0-F369-4356-AB9F-A6358641821D}.Debug|Any CPU.ActiveCfg = Debug|Any CPU
		{6D2F86F0-F369-4356-AB9F-A6358641821D}.Debug|Any CPU.Build.0 = Debug|Any CPU
		{6D2F86F0-F369-4356-AB9F-A6358641821D}.Debug|x64.ActiveCfg = Debug|Any CPU
		{6D2F86F0-F369-4356-AB9F-A6358641821D}.Debug|x64.Build.0 = Debug|Any CPU
		{6D2F86F0-F369-4356-AB9F-A6358641821D}.Debug|x86.ActiveCfg = Debug|Any CPU
		{6D2F86F0-F369-4356-AB9F-A6358641821D}.Debug|x86.Build.0 = Debug|Any CPU
		{6D2F86F0-F369-4356-AB9F-A6358641821D}.Release|Any CPU.ActiveCfg = Release|Any CPU
		{6D2F86F0-F369-4356-AB9F-A6358641821D}.Release|Any CPU.Build.0 = Release|Any CPU
		{6D2F86F0-F369-4356-AB9F-A6358641821D}.Release|x64.ActiveCfg = Release|Any CPU
		{6D2F86F0-F369-4356-AB9F-A6358641821D}.Release|x64.Build.0 = Release|Any CPU
		{6D2F86F0-F369-4356-AB9F-A6358641821D}.Release|x86.ActiveCfg = Release|Any CPU
		{6D2F86F0-F369-4356-AB9F-A6358641821D}.Release|x86.Build.0 = Release|Any CPU
		{D2C8DFA6-5355-4AE4-9814-E113050143C9}.Debug|Any CPU.ActiveCfg = Debug|Any CPU
		{D2C8DFA6-5355-4AE4-9814-E113050143C9}.Debug|Any CPU.Build.0 = Debug|Any CPU
		{D2C8DFA6-5355-4AE4-9814-E113050143C9}.Debug|x64.ActiveCfg = Debug|Any CPU
		{D2C8DFA6-5355-4AE4-9814-E113050143C9}.Debug|x64.Build.0 = Debug|Any CPU
		{D2C8DFA6-5355-4AE4-9814-E113050143C9}.Debug|x86.ActiveCfg = Debug|Any CPU
		{D2C8DFA6-5355-4AE4-9814-E113050143C9}.Debug|x86.Build.0 = Debug|Any CPU
		{D2C8DFA6-5355-4AE4-9814-E113050143C9}.Release|Any CPU.ActiveCfg = Release|Any CPU
		{D2C8DFA6-5355-4AE4-9814-E113050143C9}.Release|Any CPU.Build.0 = Release|Any CPU
		{D2C8DFA6-5355-4AE4-9814-E113050143C9}.Release|x64.ActiveCfg = Release|Any CPU
		{D2C8DFA6-5355-4AE4-9814-E113050143C9}.Release|x64.Build.0 = Release|Any CPU
		{D2C8DFA6-5355-4AE4-9814-E113050143C9}.Release|x86.ActiveCfg = Release|Any CPU
		{D2C8DFA6-5355-4AE4-9814-E113050143C9}.Release|x86.Build.0 = Release|Any CPU
		{C11C8824-F83E-4706-87F1-011FB2DD0A00}.Debug|Any CPU.ActiveCfg = Debug|Any CPU
		{C11C8824-F83E-4706-87F1-011FB2DD0A00}.Debug|Any CPU.Build.0 = Debug|Any CPU
		{C11C8824-F83E-4706-87F1-011FB2DD0A00}.Debug|x64.ActiveCfg = Debug|Any CPU
		{C11C8824-F83E-4706-87F1-011FB2DD0A00}.Debug|x64.Build.0 = Debug|Any CPU
		{C11C8824-F83E-4706-87F1-011FB2DD0A00}.Debug|x86.ActiveCfg = Debug|Any CPU
		{C11C8824-F83E-4706-87F1-011FB2DD0A00}.Debug|x86.Build.0 = Debug|Any CPU
		{C11C8824-F83E-4706-87F1-011FB2DD0A00}.Release|Any CPU.ActiveCfg = Release|Any CPU
		{C11C8824-F83E-4706-87F1-011FB2DD0A00}.Release|Any CPU.Build.0 = Release|Any CPU
		{C11C8824-F83E-4706-87F1-011FB2DD0A00}.Release|x64.ActiveCfg = Release|Any CPU
		{C11C8824-F83E-4706-87F1-011FB2DD0A00}.Release|x64.Build.0 = Release|Any CPU
		{C11C8824-F83E-4706-87F1-011FB2DD0A00}.Release|x86.ActiveCfg = Release|Any CPU
		{C11C8824-F83E-4706-87F1-011FB2DD0A00}.Release|x86.Build.0 = Release|Any CPU
	EndGlobalSection
	GlobalSection(SolutionProperties) = preSolution
		HideSolutionNode = FALSE
	EndGlobalSection
	GlobalSection(NestedProjects) = preSolution
		{D9702160-747B-40A1-856C-8F70602E27A2} = {F9C2FC4D-277B-4A86-AECC-4930057A1278}
		{AF8ACC50-2EF8-446A-89EE-CA970AD7B8E5} = {F9C2FC4D-277B-4A86-AECC-4930057A1278}
		{73C33220-AC69-47E9-853A-FA3DE43CE12E} = {5EC46D8B-0278-4F91-9E0B-F26D71D5EB15}
		{75C0135E-0E07-4222-962C-BEB3B4D32006} = {5EC46D8B-0278-4F91-9E0B-F26D71D5EB15}
		{465DA1E0-A628-4A3D-B3DE-FE026622B6ED} = {5EC46D8B-0278-4F91-9E0B-F26D71D5EB15}
		{ED3D60B7-D17B-4385-AD3F-09CE547AF5E2} = {F9C2FC4D-277B-4A86-AECC-4930057A1278}
		{6D2F86F0-F369-4356-AB9F-A6358641821D} = {F9C2FC4D-277B-4A86-AECC-4930057A1278}
		{D2C8DFA6-5355-4AE4-9814-E113050143C9} = {F9C2FC4D-277B-4A86-AECC-4930057A1278}
		{C11C8824-F83E-4706-87F1-011FB2DD0A00} = {F9C2FC4D-277B-4A86-AECC-4930057A1278}
	EndGlobalSection
	GlobalSection(ExtensibilityGlobals) = postSolution
		SolutionGuid = {BEFCB5E0-9D6F-4210-8DFB-13C0C24DA12A}
	EndGlobalSection
EndGlobal
