
Microsoft Visual Studio Solution File, Format Version 12.00
# Visual Studio Version 16
VisualStudioVersion = 16.0.29613.14
MinimumVisualStudioVersion = 15.0.26124.0
Project("{9A19103F-16F7-4668-BE54-9A1E7A4F7556}") = "Regulus.Samples.Chat1.Common", "Chat1\Regulus.Samples.Chat1.Common\Regulus.Samples.Chat1.Common.csproj", "{D9702160-747B-40A1-856C-8F70602E27A2}"
EndProject
Project("{2150E333-8FDC-42A3-9474-1A3956D46DE8}") = "Chat1", "Chat1", "{F9C2FC4D-277B-4A86-AECC-4930057A1278}"
	ProjectSection(SolutionItems) = preProject
		Chat1\Directory.Build.targets = Chat1\Directory.Build.targets
		Chat1\readme.md = Chat1\readme.md
	EndProjectSection
EndProject
Project("{2150E333-8FDC-42A3-9474-1A3956D46DE8}") = "Lib", "Lib", "{BA7380D3-00A0-4E1A-B22C-626126666BAA}"
EndProject
Project("{9A19103F-16F7-4668-BE54-9A1E7A4F7556}") = "Regulus.Utility", "Regulus\Regulus.Utility\Regulus.Utility.csproj", "{3C6A1049-9806-4F75-909E-66894007B276}"
EndProject
Project("{9A19103F-16F7-4668-BE54-9A1E7A4F7556}") = "Regulus.Remote", "Regulus\Regulus.Remote\Regulus.Remote.csproj", "{E15A655B-0FC4-432E-A5E4-62EF288759F3}"
EndProject
Project("{9A19103F-16F7-4668-BE54-9A1E7A4F7556}") = "Regulus.Samples.Chat1.Test", "Chat1\Regulus.Samples.Chat1.Test\Regulus.Samples.Chat1.Test.csproj", "{AF8ACC50-2EF8-446A-89EE-CA970AD7B8E5}"
EndProject
Project("{2150E333-8FDC-42A3-9474-1A3956D46DE8}") = "Solution Items", "Solution Items", "{07033894-21D8-43F5-A66B-D7819237EB83}"
	ProjectSection(SolutionItems) = preProject
		.github\workflows\docker.yml = .github\workflows\docker.yml
	EndProjectSection
EndProject
Project("{9A19103F-16F7-4668-BE54-9A1E7A4F7556}") = "Regulus.Samples.Chat1.Main", "Chat1\Regulus.Samples.Chat1.Main\Regulus.Samples.Chat1.Main.csproj", "{BF12C55C-3666-4E81-8AF5-FE43F706029D}"
EndProject
Project("{9A19103F-16F7-4668-BE54-9A1E7A4F7556}") = "Regulus.Samples.Chat1.Protocol", "Chat1\Regulus.Samples.Chat1.Protocol\Regulus.Samples.Chat1.Protocol.csproj", "{C0496FE6-ED46-48AC-94A3-D3ACFA425CC6}"
EndProject
Project("{9A19103F-16F7-4668-BE54-9A1E7A4F7556}") = "Regulus.Network", "Regulus\Regulus.Network\Regulus.Network.csproj", "{C15D6ED9-A1B7-43F7-98A5-85665536743A}"
EndProject
Project("{9A19103F-16F7-4668-BE54-9A1E7A4F7556}") = "Regulus.Serialization", "Regulus\Regulus.Serialization\Regulus.Serialization.csproj", "{404A78EE-974A-45D3-8280-EEF891C7C09B}"
EndProject
Global
	GlobalSection(SolutionConfigurationPlatforms) = preSolution
		Debug|Any CPU = Debug|Any CPU
		Debug|x64 = Debug|x64
		Debug|x86 = Debug|x86
		Release|Any CPU = Release|Any CPU
		Release|x64 = Release|x64
		Release|x86 = Release|x86
	EndGlobalSection
	GlobalSection(ProjectConfigurationPlatforms) = postSolution
		{D9702160-747B-40A1-856C-8F70602E27A2}.Debug|Any CPU.ActiveCfg = Debug|Any CPU
		{D9702160-747B-40A1-856C-8F70602E27A2}.Debug|Any CPU.Build.0 = Debug|Any CPU
		{D9702160-747B-40A1-856C-8F70602E27A2}.Debug|x64.ActiveCfg = Debug|Any CPU
		{D9702160-747B-40A1-856C-8F70602E27A2}.Debug|x64.Build.0 = Debug|Any CPU
		{D9702160-747B-40A1-856C-8F70602E27A2}.Debug|x86.ActiveCfg = Debug|Any CPU
		{D9702160-747B-40A1-856C-8F70602E27A2}.Debug|x86.Build.0 = Debug|Any CPU
		{D9702160-747B-40A1-856C-8F70602E27A2}.Release|Any CPU.ActiveCfg = Release|Any CPU
		{D9702160-747B-40A1-856C-8F70602E27A2}.Release|Any CPU.Build.0 = Release|Any CPU
		{D9702160-747B-40A1-856C-8F70602E27A2}.Release|x64.ActiveCfg = Release|Any CPU
		{D9702160-747B-40A1-856C-8F70602E27A2}.Release|x64.Build.0 = Release|Any CPU
		{D9702160-747B-40A1-856C-8F70602E27A2}.Release|x86.ActiveCfg = Release|Any CPU
		{D9702160-747B-40A1-856C-8F70602E27A2}.Release|x86.Build.0 = Release|Any CPU
		{3C6A1049-9806-4F75-909E-66894007B276}.Debug|Any CPU.ActiveCfg = Debug|Any CPU
		{3C6A1049-9806-4F75-909E-66894007B276}.Debug|Any CPU.Build.0 = Debug|Any CPU
		{3C6A1049-9806-4F75-909E-66894007B276}.Debug|x64.ActiveCfg = Debug|Any CPU
		{3C6A1049-9806-4F75-909E-66894007B276}.Debug|x64.Build.0 = Debug|Any CPU
		{3C6A1049-9806-4F75-909E-66894007B276}.Debug|x86.ActiveCfg = Debug|Any CPU
		{3C6A1049-9806-4F75-909E-66894007B276}.Debug|x86.Build.0 = Debug|Any CPU
		{3C6A1049-9806-4F75-909E-66894007B276}.Release|Any CPU.ActiveCfg = Release|Any CPU
		{3C6A1049-9806-4F75-909E-66894007B276}.Release|Any CPU.Build.0 = Release|Any CPU
		{3C6A1049-9806-4F75-909E-66894007B276}.Release|x64.ActiveCfg = Release|Any CPU
		{3C6A1049-9806-4F75-909E-66894007B276}.Release|x64.Build.0 = Release|Any CPU
		{3C6A1049-9806-4F75-909E-66894007B276}.Release|x86.ActiveCfg = Release|Any CPU
		{3C6A1049-9806-4F75-909E-66894007B276}.Release|x86.Build.0 = Release|Any CPU
		{E15A655B-0FC4-432E-A5E4-62EF288759F3}.Debug|Any CPU.ActiveCfg = Debug|Any CPU
		{E15A655B-0FC4-432E-A5E4-62EF288759F3}.Debug|Any CPU.Build.0 = Debug|Any CPU
		{E15A655B-0FC4-432E-A5E4-62EF288759F3}.Debug|x64.ActiveCfg = Debug|Any CPU
		{E15A655B-0FC4-432E-A5E4-62EF288759F3}.Debug|x64.Build.0 = Debug|Any CPU
		{E15A655B-0FC4-432E-A5E4-62EF288759F3}.Debug|x86.ActiveCfg = Debug|Any CPU
		{E15A655B-0FC4-432E-A5E4-62EF288759F3}.Debug|x86.Build.0 = Debug|Any CPU
		{E15A655B-0FC4-432E-A5E4-62EF288759F3}.Release|Any CPU.ActiveCfg = Release|Any CPU
		{E15A655B-0FC4-432E-A5E4-62EF288759F3}.Release|Any CPU.Build.0 = Release|Any CPU
		{E15A655B-0FC4-432E-A5E4-62EF288759F3}.Release|x64.ActiveCfg = Release|Any CPU
		{E15A655B-0FC4-432E-A5E4-62EF288759F3}.Release|x64.Build.0 = Release|Any CPU
		{E15A655B-0FC4-432E-A5E4-62EF288759F3}.Release|x86.ActiveCfg = Release|Any CPU
		{E15A655B-0FC4-432E-A5E4-62EF288759F3}.Release|x86.Build.0 = Release|Any CPU
		{AF8ACC50-2EF8-446A-89EE-CA970AD7B8E5}.Debug|Any CPU.ActiveCfg = Debug|Any CPU
		{AF8ACC50-2EF8-446A-89EE-CA970AD7B8E5}.Debug|Any CPU.Build.0 = Debug|Any CPU
		{AF8ACC50-2EF8-446A-89EE-CA970AD7B8E5}.Debug|x64.ActiveCfg = Debug|Any CPU
		{AF8ACC50-2EF8-446A-89EE-CA970AD7B8E5}.Debug|x64.Build.0 = Debug|Any CPU
		{AF8ACC50-2EF8-446A-89EE-CA970AD7B8E5}.Debug|x86.ActiveCfg = Debug|Any CPU
		{AF8ACC50-2EF8-446A-89EE-CA970AD7B8E5}.Debug|x86.Build.0 = Debug|Any CPU
		{AF8ACC50-2EF8-446A-89EE-CA970AD7B8E5}.Release|Any CPU.ActiveCfg = Release|Any CPU
		{AF8ACC50-2EF8-446A-89EE-CA970AD7B8E5}.Release|Any CPU.Build.0 = Release|Any CPU
		{AF8ACC50-2EF8-446A-89EE-CA970AD7B8E5}.Release|x64.ActiveCfg = Release|Any CPU
		{AF8ACC50-2EF8-446A-89EE-CA970AD7B8E5}.Release|x64.Build.0 = Release|Any CPU
		{AF8ACC50-2EF8-446A-89EE-CA970AD7B8E5}.Release|x86.ActiveCfg = Release|Any CPU
		{AF8ACC50-2EF8-446A-89EE-CA970AD7B8E5}.Release|x86.Build.0 = Release|Any CPU
		{BF12C55C-3666-4E81-8AF5-FE43F706029D}.Debug|Any CPU.ActiveCfg = Debug|Any CPU
		{BF12C55C-3666-4E81-8AF5-FE43F706029D}.Debug|Any CPU.Build.0 = Debug|Any CPU
		{BF12C55C-3666-4E81-8AF5-FE43F706029D}.Debug|x64.ActiveCfg = Debug|Any CPU
		{BF12C55C-3666-4E81-8AF5-FE43F706029D}.Debug|x64.Build.0 = Debug|Any CPU
		{BF12C55C-3666-4E81-8AF5-FE43F706029D}.Debug|x86.ActiveCfg = Debug|Any CPU
		{BF12C55C-3666-4E81-8AF5-FE43F706029D}.Debug|x86.Build.0 = Debug|Any CPU
		{BF12C55C-3666-4E81-8AF5-FE43F706029D}.Release|Any CPU.ActiveCfg = Release|Any CPU
		{BF12C55C-3666-4E81-8AF5-FE43F706029D}.Release|Any CPU.Build.0 = Release|Any CPU
		{BF12C55C-3666-4E81-8AF5-FE43F706029D}.Release|x64.ActiveCfg = Release|Any CPU
		{BF12C55C-3666-4E81-8AF5-FE43F706029D}.Release|x64.Build.0 = Release|Any CPU
		{BF12C55C-3666-4E81-8AF5-FE43F706029D}.Release|x86.ActiveCfg = Release|Any CPU
		{BF12C55C-3666-4E81-8AF5-FE43F706029D}.Release|x86.Build.0 = Release|Any CPU
		{C0496FE6-ED46-48AC-94A3-D3ACFA425CC6}.Debug|Any CPU.ActiveCfg = Debug|Any CPU
		{C0496FE6-ED46-48AC-94A3-D3ACFA425CC6}.Debug|Any CPU.Build.0 = Debug|Any CPU
		{C0496FE6-ED46-48AC-94A3-D3ACFA425CC6}.Debug|x64.ActiveCfg = Debug|Any CPU
		{C0496FE6-ED46-48AC-94A3-D3ACFA425CC6}.Debug|x64.Build.0 = Debug|Any CPU
		{C0496FE6-ED46-48AC-94A3-D3ACFA425CC6}.Debug|x86.ActiveCfg = Debug|Any CPU
		{C0496FE6-ED46-48AC-94A3-D3ACFA425CC6}.Debug|x86.Build.0 = Debug|Any CPU
		{C0496FE6-ED46-48AC-94A3-D3ACFA425CC6}.Release|Any CPU.ActiveCfg = Release|Any CPU
		{C0496FE6-ED46-48AC-94A3-D3ACFA425CC6}.Release|Any CPU.Build.0 = Release|Any CPU
		{C0496FE6-ED46-48AC-94A3-D3ACFA425CC6}.Release|x64.ActiveCfg = Release|Any CPU
		{C0496FE6-ED46-48AC-94A3-D3ACFA425CC6}.Release|x64.Build.0 = Release|Any CPU
		{C0496FE6-ED46-48AC-94A3-D3ACFA425CC6}.Release|x86.ActiveCfg = Release|Any CPU
		{C0496FE6-ED46-48AC-94A3-D3ACFA425CC6}.Release|x86.Build.0 = Release|Any CPU
		{C15D6ED9-A1B7-43F7-98A5-85665536743A}.Debug|Any CPU.ActiveCfg = Debug|Any CPU
		{C15D6ED9-A1B7-43F7-98A5-85665536743A}.Debug|Any CPU.Build.0 = Debug|Any CPU
		{C15D6ED9-A1B7-43F7-98A5-85665536743A}.Debug|x64.ActiveCfg = Debug|Any CPU
		{C15D6ED9-A1B7-43F7-98A5-85665536743A}.Debug|x64.Build.0 = Debug|Any CPU
		{C15D6ED9-A1B7-43F7-98A5-85665536743A}.Debug|x86.ActiveCfg = Debug|Any CPU
		{C15D6ED9-A1B7-43F7-98A5-85665536743A}.Debug|x86.Build.0 = Debug|Any CPU
		{C15D6ED9-A1B7-43F7-98A5-85665536743A}.Release|Any CPU.ActiveCfg = Release|Any CPU
		{C15D6ED9-A1B7-43F7-98A5-85665536743A}.Release|Any CPU.Build.0 = Release|Any CPU
		{C15D6ED9-A1B7-43F7-98A5-85665536743A}.Release|x64.ActiveCfg = Release|Any CPU
		{C15D6ED9-A1B7-43F7-98A5-85665536743A}.Release|x64.Build.0 = Release|Any CPU
		{C15D6ED9-A1B7-43F7-98A5-85665536743A}.Release|x86.ActiveCfg = Release|Any CPU
		{C15D6ED9-A1B7-43F7-98A5-85665536743A}.Release|x86.Build.0 = Release|Any CPU
		{404A78EE-974A-45D3-8280-EEF891C7C09B}.Debug|Any CPU.ActiveCfg = Debug|Any CPU
		{404A78EE-974A-45D3-8280-EEF891C7C09B}.Debug|Any CPU.Build.0 = Debug|Any CPU
		{404A78EE-974A-45D3-8280-EEF891C7C09B}.Debug|x64.ActiveCfg = Debug|Any CPU
		{404A78EE-974A-45D3-8280-EEF891C7C09B}.Debug|x64.Build.0 = Debug|Any CPU
		{404A78EE-974A-45D3-8280-EEF891C7C09B}.Debug|x86.ActiveCfg = Debug|Any CPU
		{404A78EE-974A-45D3-8280-EEF891C7C09B}.Debug|x86.Build.0 = Debug|Any CPU
		{404A78EE-974A-45D3-8280-EEF891C7C09B}.Release|Any CPU.ActiveCfg = Release|Any CPU
		{404A78EE-974A-45D3-8280-EEF891C7C09B}.Release|Any CPU.Build.0 = Release|Any CPU
		{404A78EE-974A-45D3-8280-EEF891C7C09B}.Release|x64.ActiveCfg = Release|Any CPU
		{404A78EE-974A-45D3-8280-EEF891C7C09B}.Release|x64.Build.0 = Release|Any CPU
		{404A78EE-974A-45D3-8280-EEF891C7C09B}.Release|x86.ActiveCfg = Release|Any CPU
		{404A78EE-974A-45D3-8280-EEF891C7C09B}.Release|x86.Build.0 = Release|Any CPU
	EndGlobalSection
	GlobalSection(SolutionProperties) = preSolution
		HideSolutionNode = FALSE
	EndGlobalSection
	GlobalSection(NestedProjects) = preSolution
		{D9702160-747B-40A1-856C-8F70602E27A2} = {F9C2FC4D-277B-4A86-AECC-4930057A1278}
		{3C6A1049-9806-4F75-909E-66894007B276} = {BA7380D3-00A0-4E1A-B22C-626126666BAA}
		{E15A655B-0FC4-432E-A5E4-62EF288759F3} = {BA7380D3-00A0-4E1A-B22C-626126666BAA}
		{AF8ACC50-2EF8-446A-89EE-CA970AD7B8E5} = {F9C2FC4D-277B-4A86-AECC-4930057A1278}
		{BF12C55C-3666-4E81-8AF5-FE43F706029D} = {F9C2FC4D-277B-4A86-AECC-4930057A1278}
		{C0496FE6-ED46-48AC-94A3-D3ACFA425CC6} = {F9C2FC4D-277B-4A86-AECC-4930057A1278}
		{C15D6ED9-A1B7-43F7-98A5-85665536743A} = {BA7380D3-00A0-4E1A-B22C-626126666BAA}
		{404A78EE-974A-45D3-8280-EEF891C7C09B} = {BA7380D3-00A0-4E1A-B22C-626126666BAA}
	EndGlobalSection
	GlobalSection(ExtensibilityGlobals) = postSolution
		SolutionGuid = {BEFCB5E0-9D6F-4210-8DFB-13C0C24DA12A}
	EndGlobalSection
EndGlobal
