
Microsoft Visual Studio Solution File, Format Version 12.00
# Visual Studio Version 16
VisualStudioVersion = 16.0.29613.14
MinimumVisualStudioVersion = 15.0.26124.0
Project("{9A19103F-16F7-4668-BE54-9A1E7A4F7556}") = "Regulus.Samples.Chat1.Common", "Chat1\Regulus.Samples.Chat1.Common\Regulus.Samples.Chat1.Common.csproj", "{D9702160-747B-40A1-856C-8F70602E27A2}"
EndProject
Project("{2150E333-8FDC-42A3-9474-1A3956D46DE8}") = "Chat1", "Chat1", "{F9C2FC4D-277B-4A86-AECC-4930057A1278}"
	ProjectSection(SolutionItems) = preProject
		Chat1\readme.md = Chat1\readme.md
	EndProjectSection
EndProject
Project("{9A19103F-16F7-4668-BE54-9A1E7A4F7556}") = "Regulus.Samples.Chat1.Server", "Chat1\Regulus.Samples.Chat1.Server\Regulus.Samples.Chat1.Server.csproj", "{8AA58756-13B0-43DC-8E07-5D0B36417FC3}"
EndProject
Project("{9A19103F-16F7-4668-BE54-9A1E7A4F7556}") = "Regulus.Samples.Chat1.Client", "Chat1\Regulus.Samples.Chat1.Client\Regulus.Samples.Chat1.Client.csproj", "{E7F1B2D4-A6D6-4D0A-9342-A5E6BA038336}"
EndProject
Project("{2150E333-8FDC-42A3-9474-1A3956D46DE8}") = "Lib", "Lib", "{BA7380D3-00A0-4E1A-B22C-626126666BAA}"
EndProject
Project("{9A19103F-16F7-4668-BE54-9A1E7A4F7556}") = "Regulus.Remote.Server", "Regulus\Regulus.Remote.Server\Regulus.Remote.Server.csproj", "{AF97FD6C-324E-4445-92D0-2E6547AA5FE1}"
EndProject
Project("{9A19103F-16F7-4668-BE54-9A1E7A4F7556}") = "Regulus.Remote.Client", "Regulus\Regulus.Remote.Client\Regulus.Remote.Client.csproj", "{74C8773E-7D76-4C41-8C17-22522F6A1DD1}"
EndProject
Project("{9A19103F-16F7-4668-BE54-9A1E7A4F7556}") = "Regulus.Utility", "Regulus\Regulus.Utility\Regulus.Utility.csproj", "{3C6A1049-9806-4F75-909E-66894007B276}"
EndProject
Project("{9A19103F-16F7-4668-BE54-9A1E7A4F7556}") = "Regulus.Remote", "Regulus\Regulus.Remote\Regulus.Remote.csproj", "{E15A655B-0FC4-432E-A5E4-62EF288759F3}"
EndProject
Project("{9A19103F-16F7-4668-BE54-9A1E7A4F7556}") = "Regulus.Network", "Regulus\Regulus.Network\Regulus.Network.csproj", "{DE661CF9-DDE4-4D09-8E10-C8D5DE0D6709}"
EndProject
Project("{9A19103F-16F7-4668-BE54-9A1E7A4F7556}") = "Regulus.Remote.Ghost", "Regulus\Regulus.Remote.Ghost\Regulus.Remote.Ghost.csproj", "{6F4E7AD7-E22F-425E-8F77-F5DE19DF6CE2}"
EndProject
Project("{9A19103F-16F7-4668-BE54-9A1E7A4F7556}") = "Regulus.Serialization", "Regulus\Regulus.Serialization\Regulus.Serialization.csproj", "{128512F2-6883-47B4-9D75-DCD74038F26D}"
EndProject
Project("{9A19103F-16F7-4668-BE54-9A1E7A4F7556}") = "Regulus.Remote.Soul", "Regulus\Regulus.Remote.Soul\Regulus.Remote.Soul.csproj", "{A1B35CC6-ACC8-4149-A0CB-DF913CA02AB0}"
EndProject
Project("{9A19103F-16F7-4668-BE54-9A1E7A4F7556}") = "Regulus.Remote.Protocol", "Regulus\Regulus.Remote.Protocol\Regulus.Remote.Protocol.csproj", "{885F14E0-5939-4063-A9EE-ABAF06E606B5}"
EndProject
Project("{9A19103F-16F7-4668-BE54-9A1E7A4F7556}") = "Regulus.Samples.Chat1.Test", "Chat1\Regulus.Samples.Chat1.Test\Regulus.Samples.Chat1.Test.csproj", "{AF8ACC50-2EF8-446A-89EE-CA970AD7B8E5}"
EndProject
Project("{9A19103F-16F7-4668-BE54-9A1E7A4F7556}") = "Regulus.Remote.Client.JIT", "Regulus\Regulus.Remote.Client.JIT\Regulus.Remote.Client.JIT.csproj", "{8B3AE898-1577-4BDA-B893-4E88973925C0}"
EndProject
Project("{9A19103F-16F7-4668-BE54-9A1E7A4F7556}") = "Regulus.Remote.Unity", "Regulus\Regulus.Remote.Unity\Regulus.Remote.Unity.csproj", "{0D57F518-EA9D-427B-BAE0-4D4EBEC3B590}"
EndProject
Project("{9A19103F-16F7-4668-BE54-9A1E7A4F7556}") = "Regulus.Samples.Chat1.Protocol.Outputer", "Chat1\Regulus.Samples.Chat1.Protocol.Outputer\Regulus.Samples.Chat1.Protocol.Outputer.csproj", "{3BD4253A-EC80-4FAB-A1AC-C84E78EBCE20}"
EndProject
Project("{2150E333-8FDC-42A3-9474-1A3956D46DE8}") = "Solution Items", "Solution Items", "{07033894-21D8-43F5-A66B-D7819237EB83}"
	ProjectSection(SolutionItems) = preProject
		.github\workflows\docker.yml = .github\workflows\docker.yml
	EndProjectSection
EndProject
Global
	GlobalSection(SolutionConfigurationPlatforms) = preSolution
		Debug|Any CPU = Debug|Any CPU
		Debug|x64 = Debug|x64
		Debug|x86 = Debug|x86
		Release|Any CPU = Release|Any CPU
		Release|x64 = Release|x64
		Release|x86 = Release|x86
	EndGlobalSection
	GlobalSection(ProjectConfigurationPlatforms) = postSolution
		{D9702160-747B-40A1-856C-8F70602E27A2}.Debug|Any CPU.ActiveCfg = Debug|Any CPU
		{D9702160-747B-40A1-856C-8F70602E27A2}.Debug|Any CPU.Build.0 = Debug|Any CPU
		{D9702160-747B-40A1-856C-8F70602E27A2}.Debug|x64.ActiveCfg = Debug|Any CPU
		{D9702160-747B-40A1-856C-8F70602E27A2}.Debug|x64.Build.0 = Debug|Any CPU
		{D9702160-747B-40A1-856C-8F70602E27A2}.Debug|x86.ActiveCfg = Debug|Any CPU
		{D9702160-747B-40A1-856C-8F70602E27A2}.Debug|x86.Build.0 = Debug|Any CPU
		{D9702160-747B-40A1-856C-8F70602E27A2}.Release|Any CPU.ActiveCfg = Release|Any CPU
		{D9702160-747B-40A1-856C-8F70602E27A2}.Release|Any CPU.Build.0 = Release|Any CPU
		{D9702160-747B-40A1-856C-8F70602E27A2}.Release|x64.ActiveCfg = Release|Any CPU
		{D9702160-747B-40A1-856C-8F70602E27A2}.Release|x64.Build.0 = Release|Any CPU
		{D9702160-747B-40A1-856C-8F70602E27A2}.Release|x86.ActiveCfg = Release|Any CPU
		{D9702160-747B-40A1-856C-8F70602E27A2}.Release|x86.Build.0 = Release|Any CPU
		{8AA58756-13B0-43DC-8E07-5D0B36417FC3}.Debug|Any CPU.ActiveCfg = Debug|Any CPU
		{8AA58756-13B0-43DC-8E07-5D0B36417FC3}.Debug|Any CPU.Build.0 = Debug|Any CPU
		{8AA58756-13B0-43DC-8E07-5D0B36417FC3}.Debug|x64.ActiveCfg = Debug|Any CPU
		{8AA58756-13B0-43DC-8E07-5D0B36417FC3}.Debug|x64.Build.0 = Debug|Any CPU
		{8AA58756-13B0-43DC-8E07-5D0B36417FC3}.Debug|x86.ActiveCfg = Debug|Any CPU
		{8AA58756-13B0-43DC-8E07-5D0B36417FC3}.Debug|x86.Build.0 = Debug|Any CPU
		{8AA58756-13B0-43DC-8E07-5D0B36417FC3}.Release|Any CPU.ActiveCfg = Release|Any CPU
		{8AA58756-13B0-43DC-8E07-5D0B36417FC3}.Release|Any CPU.Build.0 = Release|Any CPU
		{8AA58756-13B0-43DC-8E07-5D0B36417FC3}.Release|x64.ActiveCfg = Release|Any CPU
		{8AA58756-13B0-43DC-8E07-5D0B36417FC3}.Release|x64.Build.0 = Release|Any CPU
		{8AA58756-13B0-43DC-8E07-5D0B36417FC3}.Release|x86.ActiveCfg = Release|Any CPU
		{8AA58756-13B0-43DC-8E07-5D0B36417FC3}.Release|x86.Build.0 = Release|Any CPU
		{E7F1B2D4-A6D6-4D0A-9342-A5E6BA038336}.Debug|Any CPU.ActiveCfg = Debug|Any CPU
		{E7F1B2D4-A6D6-4D0A-9342-A5E6BA038336}.Debug|Any CPU.Build.0 = Debug|Any CPU
		{E7F1B2D4-A6D6-4D0A-9342-A5E6BA038336}.Debug|x64.ActiveCfg = Debug|Any CPU
		{E7F1B2D4-A6D6-4D0A-9342-A5E6BA038336}.Debug|x64.Build.0 = Debug|Any CPU
		{E7F1B2D4-A6D6-4D0A-9342-A5E6BA038336}.Debug|x86.ActiveCfg = Debug|Any CPU
		{E7F1B2D4-A6D6-4D0A-9342-A5E6BA038336}.Debug|x86.Build.0 = Debug|Any CPU
		{E7F1B2D4-A6D6-4D0A-9342-A5E6BA038336}.Release|Any CPU.ActiveCfg = Release|Any CPU
		{E7F1B2D4-A6D6-4D0A-9342-A5E6BA038336}.Release|Any CPU.Build.0 = Release|Any CPU
		{E7F1B2D4-A6D6-4D0A-9342-A5E6BA038336}.Release|x64.ActiveCfg = Release|Any CPU
		{E7F1B2D4-A6D6-4D0A-9342-A5E6BA038336}.Release|x64.Build.0 = Release|Any CPU
		{E7F1B2D4-A6D6-4D0A-9342-A5E6BA038336}.Release|x86.ActiveCfg = Release|Any CPU
		{E7F1B2D4-A6D6-4D0A-9342-A5E6BA038336}.Release|x86.Build.0 = Release|Any CPU
		{AF97FD6C-324E-4445-92D0-2E6547AA5FE1}.Debug|Any CPU.ActiveCfg = Debug|Any CPU
		{AF97FD6C-324E-4445-92D0-2E6547AA5FE1}.Debug|Any CPU.Build.0 = Debug|Any CPU
		{AF97FD6C-324E-4445-92D0-2E6547AA5FE1}.Debug|x64.ActiveCfg = Debug|Any CPU
		{AF97FD6C-324E-4445-92D0-2E6547AA5FE1}.Debug|x64.Build.0 = Debug|Any CPU
		{AF97FD6C-324E-4445-92D0-2E6547AA5FE1}.Debug|x86.ActiveCfg = Debug|Any CPU
		{AF97FD6C-324E-4445-92D0-2E6547AA5FE1}.Debug|x86.Build.0 = Debug|Any CPU
		{AF97FD6C-324E-4445-92D0-2E6547AA5FE1}.Release|Any CPU.ActiveCfg = Release|Any CPU
		{AF97FD6C-324E-4445-92D0-2E6547AA5FE1}.Release|Any CPU.Build.0 = Release|Any CPU
		{AF97FD6C-324E-4445-92D0-2E6547AA5FE1}.Release|x64.ActiveCfg = Release|Any CPU
		{AF97FD6C-324E-4445-92D0-2E6547AA5FE1}.Release|x64.Build.0 = Release|Any CPU
		{AF97FD6C-324E-4445-92D0-2E6547AA5FE1}.Release|x86.ActiveCfg = Release|Any CPU
		{AF97FD6C-324E-4445-92D0-2E6547AA5FE1}.Release|x86.Build.0 = Release|Any CPU
		{74C8773E-7D76-4C41-8C17-22522F6A1DD1}.Debug|Any CPU.ActiveCfg = Debug|Any CPU
		{74C8773E-7D76-4C41-8C17-22522F6A1DD1}.Debug|Any CPU.Build.0 = Debug|Any CPU
		{74C8773E-7D76-4C41-8C17-22522F6A1DD1}.Debug|x64.ActiveCfg = Debug|Any CPU
		{74C8773E-7D76-4C41-8C17-22522F6A1DD1}.Debug|x64.Build.0 = Debug|Any CPU
		{74C8773E-7D76-4C41-8C17-22522F6A1DD1}.Debug|x86.ActiveCfg = Debug|Any CPU
		{74C8773E-7D76-4C41-8C17-22522F6A1DD1}.Debug|x86.Build.0 = Debug|Any CPU
		{74C8773E-7D76-4C41-8C17-22522F6A1DD1}.Release|Any CPU.ActiveCfg = Release|Any CPU
		{74C8773E-7D76-4C41-8C17-22522F6A1DD1}.Release|Any CPU.Build.0 = Release|Any CPU
		{74C8773E-7D76-4C41-8C17-22522F6A1DD1}.Release|x64.ActiveCfg = Release|Any CPU
		{74C8773E-7D76-4C41-8C17-22522F6A1DD1}.Release|x64.Build.0 = Release|Any CPU
		{74C8773E-7D76-4C41-8C17-22522F6A1DD1}.Release|x86.ActiveCfg = Release|Any CPU
		{74C8773E-7D76-4C41-8C17-22522F6A1DD1}.Release|x86.Build.0 = Release|Any CPU
		{3C6A1049-9806-4F75-909E-66894007B276}.Debug|Any CPU.ActiveCfg = Debug|Any CPU
		{3C6A1049-9806-4F75-909E-66894007B276}.Debug|Any CPU.Build.0 = Debug|Any CPU
		{3C6A1049-9806-4F75-909E-66894007B276}.Debug|x64.ActiveCfg = Debug|Any CPU
		{3C6A1049-9806-4F75-909E-66894007B276}.Debug|x64.Build.0 = Debug|Any CPU
		{3C6A1049-9806-4F75-909E-66894007B276}.Debug|x86.ActiveCfg = Debug|Any CPU
		{3C6A1049-9806-4F75-909E-66894007B276}.Debug|x86.Build.0 = Debug|Any CPU
		{3C6A1049-9806-4F75-909E-66894007B276}.Release|Any CPU.ActiveCfg = Release|Any CPU
		{3C6A1049-9806-4F75-909E-66894007B276}.Release|Any CPU.Build.0 = Release|Any CPU
		{3C6A1049-9806-4F75-909E-66894007B276}.Release|x64.ActiveCfg = Release|Any CPU
		{3C6A1049-9806-4F75-909E-66894007B276}.Release|x64.Build.0 = Release|Any CPU
		{3C6A1049-9806-4F75-909E-66894007B276}.Release|x86.ActiveCfg = Release|Any CPU
		{3C6A1049-9806-4F75-909E-66894007B276}.Release|x86.Build.0 = Release|Any CPU
		{E15A655B-0FC4-432E-A5E4-62EF288759F3}.Debug|Any CPU.ActiveCfg = Debug|Any CPU
		{E15A655B-0FC4-432E-A5E4-62EF288759F3}.Debug|Any CPU.Build.0 = Debug|Any CPU
		{E15A655B-0FC4-432E-A5E4-62EF288759F3}.Debug|x64.ActiveCfg = Debug|Any CPU
		{E15A655B-0FC4-432E-A5E4-62EF288759F3}.Debug|x64.Build.0 = Debug|Any CPU
		{E15A655B-0FC4-432E-A5E4-62EF288759F3}.Debug|x86.ActiveCfg = Debug|Any CPU
		{E15A655B-0FC4-432E-A5E4-62EF288759F3}.Debug|x86.Build.0 = Debug|Any CPU
		{E15A655B-0FC4-432E-A5E4-62EF288759F3}.Release|Any CPU.ActiveCfg = Release|Any CPU
		{E15A655B-0FC4-432E-A5E4-62EF288759F3}.Release|Any CPU.Build.0 = Release|Any CPU
		{E15A655B-0FC4-432E-A5E4-62EF288759F3}.Release|x64.ActiveCfg = Release|Any CPU
		{E15A655B-0FC4-432E-A5E4-62EF288759F3}.Release|x64.Build.0 = Release|Any CPU
		{E15A655B-0FC4-432E-A5E4-62EF288759F3}.Release|x86.ActiveCfg = Release|Any CPU
		{E15A655B-0FC4-432E-A5E4-62EF288759F3}.Release|x86.Build.0 = Release|Any CPU
		{DE661CF9-DDE4-4D09-8E10-C8D5DE0D6709}.Debug|Any CPU.ActiveCfg = Debug|Any CPU
		{DE661CF9-DDE4-4D09-8E10-C8D5DE0D6709}.Debug|Any CPU.Build.0 = Debug|Any CPU
		{DE661CF9-DDE4-4D09-8E10-C8D5DE0D6709}.Debug|x64.ActiveCfg = Debug|Any CPU
		{DE661CF9-DDE4-4D09-8E10-C8D5DE0D6709}.Debug|x64.Build.0 = Debug|Any CPU
		{DE661CF9-DDE4-4D09-8E10-C8D5DE0D6709}.Debug|x86.ActiveCfg = Debug|Any CPU
		{DE661CF9-DDE4-4D09-8E10-C8D5DE0D6709}.Debug|x86.Build.0 = Debug|Any CPU
		{DE661CF9-DDE4-4D09-8E10-C8D5DE0D6709}.Release|Any CPU.ActiveCfg = Release|Any CPU
		{DE661CF9-DDE4-4D09-8E10-C8D5DE0D6709}.Release|Any CPU.Build.0 = Release|Any CPU
		{DE661CF9-DDE4-4D09-8E10-C8D5DE0D6709}.Release|x64.ActiveCfg = Release|Any CPU
		{DE661CF9-DDE4-4D09-8E10-C8D5DE0D6709}.Release|x64.Build.0 = Release|Any CPU
		{DE661CF9-DDE4-4D09-8E10-C8D5DE0D6709}.Release|x86.ActiveCfg = Release|Any CPU
		{DE661CF9-DDE4-4D09-8E10-C8D5DE0D6709}.Release|x86.Build.0 = Release|Any CPU
		{6F4E7AD7-E22F-425E-8F77-F5DE19DF6CE2}.Debug|Any CPU.ActiveCfg = Debug|Any CPU
		{6F4E7AD7-E22F-425E-8F77-F5DE19DF6CE2}.Debug|Any CPU.Build.0 = Debug|Any CPU
		{6F4E7AD7-E22F-425E-8F77-F5DE19DF6CE2}.Debug|x64.ActiveCfg = Debug|Any CPU
		{6F4E7AD7-E22F-425E-8F77-F5DE19DF6CE2}.Debug|x64.Build.0 = Debug|Any CPU
		{6F4E7AD7-E22F-425E-8F77-F5DE19DF6CE2}.Debug|x86.ActiveCfg = Debug|Any CPU
		{6F4E7AD7-E22F-425E-8F77-F5DE19DF6CE2}.Debug|x86.Build.0 = Debug|Any CPU
		{6F4E7AD7-E22F-425E-8F77-F5DE19DF6CE2}.Release|Any CPU.ActiveCfg = Release|Any CPU
		{6F4E7AD7-E22F-425E-8F77-F5DE19DF6CE2}.Release|Any CPU.Build.0 = Release|Any CPU
		{6F4E7AD7-E22F-425E-8F77-F5DE19DF6CE2}.Release|x64.ActiveCfg = Release|Any CPU
		{6F4E7AD7-E22F-425E-8F77-F5DE19DF6CE2}.Release|x64.Build.0 = Release|Any CPU
		{6F4E7AD7-E22F-425E-8F77-F5DE19DF6CE2}.Release|x86.ActiveCfg = Release|Any CPU
		{6F4E7AD7-E22F-425E-8F77-F5DE19DF6CE2}.Release|x86.Build.0 = Release|Any CPU
		{128512F2-6883-47B4-9D75-DCD74038F26D}.Debug|Any CPU.ActiveCfg = Debug|Any CPU
		{128512F2-6883-47B4-9D75-DCD74038F26D}.Debug|Any CPU.Build.0 = Debug|Any CPU
		{128512F2-6883-47B4-9D75-DCD74038F26D}.Debug|x64.ActiveCfg = Debug|Any CPU
		{128512F2-6883-47B4-9D75-DCD74038F26D}.Debug|x64.Build.0 = Debug|Any CPU
		{128512F2-6883-47B4-9D75-DCD74038F26D}.Debug|x86.ActiveCfg = Debug|Any CPU
		{128512F2-6883-47B4-9D75-DCD74038F26D}.Debug|x86.Build.0 = Debug|Any CPU
		{128512F2-6883-47B4-9D75-DCD74038F26D}.Release|Any CPU.ActiveCfg = Release|Any CPU
		{128512F2-6883-47B4-9D75-DCD74038F26D}.Release|Any CPU.Build.0 = Release|Any CPU
		{128512F2-6883-47B4-9D75-DCD74038F26D}.Release|x64.ActiveCfg = Release|Any CPU
		{128512F2-6883-47B4-9D75-DCD74038F26D}.Release|x64.Build.0 = Release|Any CPU
		{128512F2-6883-47B4-9D75-DCD74038F26D}.Release|x86.ActiveCfg = Release|Any CPU
		{128512F2-6883-47B4-9D75-DCD74038F26D}.Release|x86.Build.0 = Release|Any CPU
		{A1B35CC6-ACC8-4149-A0CB-DF913CA02AB0}.Debug|Any CPU.ActiveCfg = Debug|Any CPU
		{A1B35CC6-ACC8-4149-A0CB-DF913CA02AB0}.Debug|Any CPU.Build.0 = Debug|Any CPU
		{A1B35CC6-ACC8-4149-A0CB-DF913CA02AB0}.Debug|x64.ActiveCfg = Debug|Any CPU
		{A1B35CC6-ACC8-4149-A0CB-DF913CA02AB0}.Debug|x64.Build.0 = Debug|Any CPU
		{A1B35CC6-ACC8-4149-A0CB-DF913CA02AB0}.Debug|x86.ActiveCfg = Debug|Any CPU
		{A1B35CC6-ACC8-4149-A0CB-DF913CA02AB0}.Debug|x86.Build.0 = Debug|Any CPU
		{A1B35CC6-ACC8-4149-A0CB-DF913CA02AB0}.Release|Any CPU.ActiveCfg = Release|Any CPU
		{A1B35CC6-ACC8-4149-A0CB-DF913CA02AB0}.Release|Any CPU.Build.0 = Release|Any CPU
		{A1B35CC6-ACC8-4149-A0CB-DF913CA02AB0}.Release|x64.ActiveCfg = Release|Any CPU
		{A1B35CC6-ACC8-4149-A0CB-DF913CA02AB0}.Release|x64.Build.0 = Release|Any CPU
		{A1B35CC6-ACC8-4149-A0CB-DF913CA02AB0}.Release|x86.ActiveCfg = Release|Any CPU
		{A1B35CC6-ACC8-4149-A0CB-DF913CA02AB0}.Release|x86.Build.0 = Release|Any CPU
		{885F14E0-5939-4063-A9EE-ABAF06E606B5}.Debug|Any CPU.ActiveCfg = Debug|Any CPU
		{885F14E0-5939-4063-A9EE-ABAF06E606B5}.Debug|Any CPU.Build.0 = Debug|Any CPU
		{885F14E0-5939-4063-A9EE-ABAF06E606B5}.Debug|x64.ActiveCfg = Debug|Any CPU
		{885F14E0-5939-4063-A9EE-ABAF06E606B5}.Debug|x64.Build.0 = Debug|Any CPU
		{885F14E0-5939-4063-A9EE-ABAF06E606B5}.Debug|x86.ActiveCfg = Debug|Any CPU
		{885F14E0-5939-4063-A9EE-ABAF06E606B5}.Debug|x86.Build.0 = Debug|Any CPU
		{885F14E0-5939-4063-A9EE-ABAF06E606B5}.Release|Any CPU.ActiveCfg = Release|Any CPU
		{885F14E0-5939-4063-A9EE-ABAF06E606B5}.Release|Any CPU.Build.0 = Release|Any CPU
		{885F14E0-5939-4063-A9EE-ABAF06E606B5}.Release|x64.ActiveCfg = Release|Any CPU
		{885F14E0-5939-4063-A9EE-ABAF06E606B5}.Release|x64.Build.0 = Release|Any CPU
		{885F14E0-5939-4063-A9EE-ABAF06E606B5}.Release|x86.ActiveCfg = Release|Any CPU
		{885F14E0-5939-4063-A9EE-ABAF06E606B5}.Release|x86.Build.0 = Release|Any CPU
		{AF8ACC50-2EF8-446A-89EE-CA970AD7B8E5}.Debug|Any CPU.ActiveCfg = Debug|Any CPU
		{AF8ACC50-2EF8-446A-89EE-CA970AD7B8E5}.Debug|Any CPU.Build.0 = Debug|Any CPU
		{AF8ACC50-2EF8-446A-89EE-CA970AD7B8E5}.Debug|x64.ActiveCfg = Debug|Any CPU
		{AF8ACC50-2EF8-446A-89EE-CA970AD7B8E5}.Debug|x64.Build.0 = Debug|Any CPU
		{AF8ACC50-2EF8-446A-89EE-CA970AD7B8E5}.Debug|x86.ActiveCfg = Debug|Any CPU
		{AF8ACC50-2EF8-446A-89EE-CA970AD7B8E5}.Debug|x86.Build.0 = Debug|Any CPU
		{AF8ACC50-2EF8-446A-89EE-CA970AD7B8E5}.Release|Any CPU.ActiveCfg = Release|Any CPU
		{AF8ACC50-2EF8-446A-89EE-CA970AD7B8E5}.Release|Any CPU.Build.0 = Release|Any CPU
		{AF8ACC50-2EF8-446A-89EE-CA970AD7B8E5}.Release|x64.ActiveCfg = Release|Any CPU
		{AF8ACC50-2EF8-446A-89EE-CA970AD7B8E5}.Release|x64.Build.0 = Release|Any CPU
		{AF8ACC50-2EF8-446A-89EE-CA970AD7B8E5}.Release|x86.ActiveCfg = Release|Any CPU
		{AF8ACC50-2EF8-446A-89EE-CA970AD7B8E5}.Release|x86.Build.0 = Release|Any CPU
		{8B3AE898-1577-4BDA-B893-4E88973925C0}.Debug|Any CPU.ActiveCfg = Debug|Any CPU
		{8B3AE898-1577-4BDA-B893-4E88973925C0}.Debug|Any CPU.Build.0 = Debug|Any CPU
		{8B3AE898-1577-4BDA-B893-4E88973925C0}.Debug|x64.ActiveCfg = Debug|Any CPU
		{8B3AE898-1577-4BDA-B893-4E88973925C0}.Debug|x64.Build.0 = Debug|Any CPU
		{8B3AE898-1577-4BDA-B893-4E88973925C0}.Debug|x86.ActiveCfg = Debug|Any CPU
		{8B3AE898-1577-4BDA-B893-4E88973925C0}.Debug|x86.Build.0 = Debug|Any CPU
		{8B3AE898-1577-4BDA-B893-4E88973925C0}.Release|Any CPU.ActiveCfg = Release|Any CPU
		{8B3AE898-1577-4BDA-B893-4E88973925C0}.Release|Any CPU.Build.0 = Release|Any CPU
		{8B3AE898-1577-4BDA-B893-4E88973925C0}.Release|x64.ActiveCfg = Release|Any CPU
		{8B3AE898-1577-4BDA-B893-4E88973925C0}.Release|x64.Build.0 = Release|Any CPU
		{8B3AE898-1577-4BDA-B893-4E88973925C0}.Release|x86.ActiveCfg = Release|Any CPU
		{8B3AE898-1577-4BDA-B893-4E88973925C0}.Release|x86.Build.0 = Release|Any CPU
		{0D57F518-EA9D-427B-BAE0-4D4EBEC3B590}.Debug|Any CPU.ActiveCfg = Debug|Any CPU
		{0D57F518-EA9D-427B-BAE0-4D4EBEC3B590}.Debug|Any CPU.Build.0 = Debug|Any CPU
		{0D57F518-EA9D-427B-BAE0-4D4EBEC3B590}.Debug|x64.ActiveCfg = Debug|Any CPU
		{0D57F518-EA9D-427B-BAE0-4D4EBEC3B590}.Debug|x64.Build.0 = Debug|Any CPU
		{0D57F518-EA9D-427B-BAE0-4D4EBEC3B590}.Debug|x86.ActiveCfg = Debug|Any CPU
		{0D57F518-EA9D-427B-BAE0-4D4EBEC3B590}.Debug|x86.Build.0 = Debug|Any CPU
		{0D57F518-EA9D-427B-BAE0-4D4EBEC3B590}.Release|Any CPU.ActiveCfg = Release|Any CPU
		{0D57F518-EA9D-427B-BAE0-4D4EBEC3B590}.Release|Any CPU.Build.0 = Release|Any CPU
		{0D57F518-EA9D-427B-BAE0-4D4EBEC3B590}.Release|x64.ActiveCfg = Release|Any CPU
		{0D57F518-EA9D-427B-BAE0-4D4EBEC3B590}.Release|x64.Build.0 = Release|Any CPU
		{0D57F518-EA9D-427B-BAE0-4D4EBEC3B590}.Release|x86.ActiveCfg = Release|Any CPU
		{0D57F518-EA9D-427B-BAE0-4D4EBEC3B590}.Release|x86.Build.0 = Release|Any CPU
		{3BD4253A-EC80-4FAB-A1AC-C84E78EBCE20}.Debug|Any CPU.ActiveCfg = Debug|Any CPU
		{3BD4253A-EC80-4FAB-A1AC-C84E78EBCE20}.Debug|Any CPU.Build.0 = Debug|Any CPU
		{3BD4253A-EC80-4FAB-A1AC-C84E78EBCE20}.Debug|x64.ActiveCfg = Debug|Any CPU
		{3BD4253A-EC80-4FAB-A1AC-C84E78EBCE20}.Debug|x64.Build.0 = Debug|Any CPU
		{3BD4253A-EC80-4FAB-A1AC-C84E78EBCE20}.Debug|x86.ActiveCfg = Debug|Any CPU
		{3BD4253A-EC80-4FAB-A1AC-C84E78EBCE20}.Debug|x86.Build.0 = Debug|Any CPU
		{3BD4253A-EC80-4FAB-A1AC-C84E78EBCE20}.Release|Any CPU.ActiveCfg = Release|Any CPU
		{3BD4253A-EC80-4FAB-A1AC-C84E78EBCE20}.Release|Any CPU.Build.0 = Release|Any CPU
		{3BD4253A-EC80-4FAB-A1AC-C84E78EBCE20}.Release|x64.ActiveCfg = Release|Any CPU
		{3BD4253A-EC80-4FAB-A1AC-C84E78EBCE20}.Release|x64.Build.0 = Release|Any CPU
		{3BD4253A-EC80-4FAB-A1AC-C84E78EBCE20}.Release|x86.ActiveCfg = Release|Any CPU
		{3BD4253A-EC80-4FAB-A1AC-C84E78EBCE20}.Release|x86.Build.0 = Release|Any CPU
	EndGlobalSection
	GlobalSection(SolutionProperties) = preSolution
		HideSolutionNode = FALSE
	EndGlobalSection
	GlobalSection(NestedProjects) = preSolution
		{D9702160-747B-40A1-856C-8F70602E27A2} = {F9C2FC4D-277B-4A86-AECC-4930057A1278}
		{8AA58756-13B0-43DC-8E07-5D0B36417FC3} = {F9C2FC4D-277B-4A86-AECC-4930057A1278}
		{E7F1B2D4-A6D6-4D0A-9342-A5E6BA038336} = {F9C2FC4D-277B-4A86-AECC-4930057A1278}
		{AF97FD6C-324E-4445-92D0-2E6547AA5FE1} = {BA7380D3-00A0-4E1A-B22C-626126666BAA}
		{74C8773E-7D76-4C41-8C17-22522F6A1DD1} = {BA7380D3-00A0-4E1A-B22C-626126666BAA}
		{3C6A1049-9806-4F75-909E-66894007B276} = {BA7380D3-00A0-4E1A-B22C-626126666BAA}
		{E15A655B-0FC4-432E-A5E4-62EF288759F3} = {BA7380D3-00A0-4E1A-B22C-626126666BAA}
		{DE661CF9-DDE4-4D09-8E10-C8D5DE0D6709} = {BA7380D3-00A0-4E1A-B22C-626126666BAA}
		{6F4E7AD7-E22F-425E-8F77-F5DE19DF6CE2} = {BA7380D3-00A0-4E1A-B22C-626126666BAA}
		{128512F2-6883-47B4-9D75-DCD74038F26D} = {BA7380D3-00A0-4E1A-B22C-626126666BAA}
		{A1B35CC6-ACC8-4149-A0CB-DF913CA02AB0} = {BA7380D3-00A0-4E1A-B22C-626126666BAA}
		{885F14E0-5939-4063-A9EE-ABAF06E606B5} = {BA7380D3-00A0-4E1A-B22C-626126666BAA}
		{AF8ACC50-2EF8-446A-89EE-CA970AD7B8E5} = {F9C2FC4D-277B-4A86-AECC-4930057A1278}
		{8B3AE898-1577-4BDA-B893-4E88973925C0} = {BA7380D3-00A0-4E1A-B22C-626126666BAA}
		{0D57F518-EA9D-427B-BAE0-4D4EBEC3B590} = {BA7380D3-00A0-4E1A-B22C-626126666BAA}
		{3BD4253A-EC80-4FAB-A1AC-C84E78EBCE20} = {F9C2FC4D-277B-4A86-AECC-4930057A1278}
	EndGlobalSection
	GlobalSection(ExtensibilityGlobals) = postSolution
		SolutionGuid = {BEFCB5E0-9D6F-4210-8DFB-13C0C24DA12A}
	EndGlobalSection
EndGlobal
